
Microsoft Visual Studio Solution File, Format Version 12.00
# Visual Studio 14
VisualStudioVersion = 14.0.25420.1
MinimumVisualStudioVersion = 10.0.40219.1
Project("{FAE04EC0-301F-11D3-BF4B-00C04F79EFBC}") = "MyNote.Common", "MyNote.Common\MyNote.Common.csproj", "{098CD172-583C-4205-AD24-88116B2D6580}"
EndProject
Project("{FAE04EC0-301F-11D3-BF4B-00C04F79EFBC}") = "MyNote.WebHost", "MyNote.WebHost\MyNote.WebHost.csproj", "{3F404657-B247-4011-84D0-02227B6D8099}"
EndProject
Project("{2150E333-8FDC-42A3-9474-1A3956D46DE8}") = "MyNote.WebApi", "MyNote.WebApi", "{56274E31-152A-4185-9351-0ED9C8CCABBE}"
EndProject
Project("{FAE04EC0-301F-11D3-BF4B-00C04F79EFBC}") = "MyNote.WebApi.NoteUser", "MyNote.WebApi.NoteUser\MyNote.WebApi.NoteUser.csproj", "{D7F8DF2B-8BCA-499D-B406-81456C743C62}"
EndProject
Project("{2150E333-8FDC-42A3-9474-1A3956D46DE8}") = "MyNote.Business", "MyNote.Business", "{159C27A3-A43D-4FEB-B65F-38F61BE2A366}"
EndProject
Project("{FAE04EC0-301F-11D3-BF4B-00C04F79EFBC}") = "MyNote.Business.NoteUser", "MyNote.Business.NoteUser\MyNote.Business.NoteUser.csproj", "{364DB733-B031-4C50-9E82-01D08A17CFF0}"
EndProject
Project("{2150E333-8FDC-42A3-9474-1A3956D46DE8}") = "MyNote.DataAccess", "MyNote.DataAccess", "{D768DEAA-8F00-48DE-AD3A-6FB27E72E266}"
EndProject
Project("{FAE04EC0-301F-11D3-BF4B-00C04F79EFBC}") = "MyNote.DataAccess.NoteUser", "MyNote.DataAccess.NoteUser\MyNote.DataAccess.NoteUser.csproj", "{DD979B63-637D-4705-8EBC-5F95E042799F}"
EndProject
Project("{FAE04EC0-301F-11D3-BF4B-00C04F79EFBC}") = "MyNote.Contracts", "MyNote.Contracts.NoteUser\MyNote.Contracts.csproj", "{5D559361-75BA-47E3-8EB1-BA1412EBBFF9}"
EndProject
Project("{FAE04EC0-301F-11D3-BF4B-00C04F79EFBC}") = "MyNote.DataAccess.Notes", "MyNote.DataAccess.Note\MyNote.DataAccess.Notes.csproj", "{250019C6-6AB7-4757-BECE-695758D3EE27}"
EndProject
Project("{FAE04EC0-301F-11D3-BF4B-00C04F79EFBC}") = "MyNote.WebApi.Common", "MyNote.WebApi.Common\MyNote.WebApi.Common.csproj", "{DFF6893F-9CFA-4D1F-B84E-DB3E60EEA6A6}"
EndProject
Project("{FAE04EC0-301F-11D3-BF4B-00C04F79EFBC}") = "MyNote.DataAccess.Config", "MyNote.DataAccess.Config\MyNote.DataAccess.Config.csproj", "{5F91A5DD-59A8-489D-8036-D09C0945C20D}"
EndProject
Project("{FAE04EC0-301F-11D3-BF4B-00C04F79EFBC}") = "MyNote.Business.Common", "MyNote.Business.Common\MyNote.Business.Common.csproj", "{BA34FCED-2135-4251-A6ED-1EDFC6034AEE}"
EndProject
Project("{FAE04EC0-301F-11D3-BF4B-00C04F79EFBC}") = "MyNoteWebApiClient", "MyNoteWebApiClient\MyNoteWebApiClient.csproj", "{F906CAD6-FFB3-453D-9358-0D1BF99CAAF0}"
EndProject
Project("{FAE04EC0-301F-11D3-BF4B-00C04F79EFBC}") = "MyNote.WebApi.Config", "MyNote.WebApi.Config\MyNote.WebApi.Config.csproj", "{21599DF4-90C6-406F-853B-66D1C9A37696}"
EndProject
Project("{FAE04EC0-301F-11D3-BF4B-00C04F79EFBC}") = "MyNote.Business.Config", "MyNote.Business.Config\MyNote.Business.Config.csproj", "{728CE128-079E-466B-8B21-69B894CEBFE6}"
EndProject
Project("{FAE04EC0-301F-11D3-BF4B-00C04F79EFBC}") = "MyNote.SelfHost", "MyNote.SelfHost\MyNote.SelfHost.csproj", "{4E70B266-CDBE-4570-9D67-C1C4951C5CD3}"
EndProject
Project("{FAE04EC0-301F-11D3-BF4B-00C04F79EFBC}") = "MyNote.Business.Notes", "MyNote.Business.Notes\MyNote.Business.Notes.csproj", "{ACC87A09-6EEC-4784-BE71-AE8A0366CF3D}"
EndProject
Project("{FAE04EC0-301F-11D3-BF4B-00C04F79EFBC}") = "MyNote.WebApi.Notes", "MyNote.WebApi.Notes\MyNote.WebApi.Notes.csproj", "{A4E2D976-1FCC-455F-965F-7666F1ECCA81}"
EndProject
Project("{FAE04EC0-301F-11D3-BF4B-00C04F79EFBC}") = "MyNoteWinFormApp", "MyNoteWinFormApp\MyNoteWinFormApp.csproj", "{2CE9F85B-D855-4F28-BA24-ADA4444B4384}"
EndProject
Project("{FAE04EC0-301F-11D3-BF4B-00C04F79EFBC}") = "MyNote.DataAccess.Common", "MyNote.DataAccess.Common\MyNote.DataAccess.Common.csproj", "{697EEFFD-4CD4-4808-8610-61ABB8ECC96C}"
EndProject
Project("{FAE04EC0-301F-11D3-BF4B-00C04F79EFBC}") = "DataAccessTest", "DataAccessTest\DataAccessTest.csproj", "{503BF083-0B67-4125-831E-71A4ADA3D6AB}"
EndProject
Project("{FAE04EC0-301F-11D3-BF4B-00C04F79EFBC}") = "MyNote.EFDataAccess", "MyNote.EFDataAccess\MyNote.EFDataAccess.csproj", "{162ED6BC-1D8F-43C4-8F71-41DCBFD85EFF}"
EndProject
Project("{FAE04EC0-301F-11D3-BF4B-00C04F79EFBC}") = "EFDataAccessTest", "EFDataAccessTest\EFDataAccessTest.csproj", "{0A82D4CB-8129-49F5-BA86-F9271ED05881}"
EndProject
Project("{2150E333-8FDC-42A3-9474-1A3956D46DE8}") = "MyNote.Mvc", "MyNote.Mvc", "{1F486BB8-DEBA-4C24-94BD-E05AD33AD734}"
EndProject
Project("{FAE04EC0-301F-11D3-BF4B-00C04F79EFBC}") = "MyNote.Mvc", "MyNote.Mvc.NoteUser\MyNote.Mvc.csproj", "{AB72E9E6-53CD-4B29-97EC-69F8B4A7539C}"
EndProject
Global
	GlobalSection(SolutionConfigurationPlatforms) = preSolution
		Debug|Any CPU = Debug|Any CPU
		Release|Any CPU = Release|Any CPU
	EndGlobalSection
	GlobalSection(ProjectConfigurationPlatforms) = postSolution
		{098CD172-583C-4205-AD24-88116B2D6580}.Debug|Any CPU.ActiveCfg = Debug|Any CPU
		{098CD172-583C-4205-AD24-88116B2D6580}.Debug|Any CPU.Build.0 = Debug|Any CPU
		{098CD172-583C-4205-AD24-88116B2D6580}.Release|Any CPU.ActiveCfg = Release|Any CPU
		{098CD172-583C-4205-AD24-88116B2D6580}.Release|Any CPU.Build.0 = Release|Any CPU
		{3F404657-B247-4011-84D0-02227B6D8099}.Debug|Any CPU.ActiveCfg = Debug|Any CPU
		{3F404657-B247-4011-84D0-02227B6D8099}.Debug|Any CPU.Build.0 = Debug|Any CPU
		{3F404657-B247-4011-84D0-02227B6D8099}.Release|Any CPU.ActiveCfg = Release|Any CPU
		{3F404657-B247-4011-84D0-02227B6D8099}.Release|Any CPU.Build.0 = Release|Any CPU
		{D7F8DF2B-8BCA-499D-B406-81456C743C62}.Debug|Any CPU.ActiveCfg = Debug|Any CPU
		{D7F8DF2B-8BCA-499D-B406-81456C743C62}.Debug|Any CPU.Build.0 = Debug|Any CPU
		{D7F8DF2B-8BCA-499D-B406-81456C743C62}.Release|Any CPU.ActiveCfg = Release|Any CPU
		{D7F8DF2B-8BCA-499D-B406-81456C743C62}.Release|Any CPU.Build.0 = Release|Any CPU
		{364DB733-B031-4C50-9E82-01D08A17CFF0}.Debug|Any CPU.ActiveCfg = Debug|Any CPU
		{364DB733-B031-4C50-9E82-01D08A17CFF0}.Debug|Any CPU.Build.0 = Debug|Any CPU
		{364DB733-B031-4C50-9E82-01D08A17CFF0}.Release|Any CPU.ActiveCfg = Release|Any CPU
		{364DB733-B031-4C50-9E82-01D08A17CFF0}.Release|Any CPU.Build.0 = Release|Any CPU
		{DD979B63-637D-4705-8EBC-5F95E042799F}.Debug|Any CPU.ActiveCfg = Debug|Any CPU
		{DD979B63-637D-4705-8EBC-5F95E042799F}.Debug|Any CPU.Build.0 = Debug|Any CPU
		{DD979B63-637D-4705-8EBC-5F95E042799F}.Release|Any CPU.ActiveCfg = Release|Any CPU
		{DD979B63-637D-4705-8EBC-5F95E042799F}.Release|Any CPU.Build.0 = Release|Any CPU
		{5D559361-75BA-47E3-8EB1-BA1412EBBFF9}.Debug|Any CPU.ActiveCfg = Debug|Any CPU
		{5D559361-75BA-47E3-8EB1-BA1412EBBFF9}.Debug|Any CPU.Build.0 = Debug|Any CPU
		{5D559361-75BA-47E3-8EB1-BA1412EBBFF9}.Release|Any CPU.ActiveCfg = Release|Any CPU
		{5D559361-75BA-47E3-8EB1-BA1412EBBFF9}.Release|Any CPU.Build.0 = Release|Any CPU
		{250019C6-6AB7-4757-BECE-695758D3EE27}.Debug|Any CPU.ActiveCfg = Debug|Any CPU
		{250019C6-6AB7-4757-BECE-695758D3EE27}.Debug|Any CPU.Build.0 = Debug|Any CPU
		{250019C6-6AB7-4757-BECE-695758D3EE27}.Release|Any CPU.ActiveCfg = Release|Any CPU
		{250019C6-6AB7-4757-BECE-695758D3EE27}.Release|Any CPU.Build.0 = Release|Any CPU
		{DFF6893F-9CFA-4D1F-B84E-DB3E60EEA6A6}.Debug|Any CPU.ActiveCfg = Debug|Any CPU
		{DFF6893F-9CFA-4D1F-B84E-DB3E60EEA6A6}.Debug|Any CPU.Build.0 = Debug|Any CPU
		{DFF6893F-9CFA-4D1F-B84E-DB3E60EEA6A6}.Release|Any CPU.ActiveCfg = Release|Any CPU
		{DFF6893F-9CFA-4D1F-B84E-DB3E60EEA6A6}.Release|Any CPU.Build.0 = Release|Any CPU
		{5F91A5DD-59A8-489D-8036-D09C0945C20D}.Debug|Any CPU.ActiveCfg = Debug|Any CPU
		{5F91A5DD-59A8-489D-8036-D09C0945C20D}.Debug|Any CPU.Build.0 = Debug|Any CPU
		{5F91A5DD-59A8-489D-8036-D09C0945C20D}.Release|Any CPU.ActiveCfg = Release|Any CPU
		{5F91A5DD-59A8-489D-8036-D09C0945C20D}.Release|Any CPU.Build.0 = Release|Any CPU
		{BA34FCED-2135-4251-A6ED-1EDFC6034AEE}.Debug|Any CPU.ActiveCfg = Debug|Any CPU
		{BA34FCED-2135-4251-A6ED-1EDFC6034AEE}.Debug|Any CPU.Build.0 = Debug|Any CPU
		{BA34FCED-2135-4251-A6ED-1EDFC6034AEE}.Release|Any CPU.ActiveCfg = Release|Any CPU
		{BA34FCED-2135-4251-A6ED-1EDFC6034AEE}.Release|Any CPU.Build.0 = Release|Any CPU
		{F906CAD6-FFB3-453D-9358-0D1BF99CAAF0}.Debug|Any CPU.ActiveCfg = Debug|Any CPU
		{F906CAD6-FFB3-453D-9358-0D1BF99CAAF0}.Debug|Any CPU.Build.0 = Debug|Any CPU
		{F906CAD6-FFB3-453D-9358-0D1BF99CAAF0}.Release|Any CPU.ActiveCfg = Release|Any CPU
		{F906CAD6-FFB3-453D-9358-0D1BF99CAAF0}.Release|Any CPU.Build.0 = Release|Any CPU
		{21599DF4-90C6-406F-853B-66D1C9A37696}.Debug|Any CPU.ActiveCfg = Debug|Any CPU
		{21599DF4-90C6-406F-853B-66D1C9A37696}.Debug|Any CPU.Build.0 = Debug|Any CPU
		{21599DF4-90C6-406F-853B-66D1C9A37696}.Release|Any CPU.ActiveCfg = Release|Any CPU
		{21599DF4-90C6-406F-853B-66D1C9A37696}.Release|Any CPU.Build.0 = Release|Any CPU
		{728CE128-079E-466B-8B21-69B894CEBFE6}.Debug|Any CPU.ActiveCfg = Debug|Any CPU
		{728CE128-079E-466B-8B21-69B894CEBFE6}.Debug|Any CPU.Build.0 = Debug|Any CPU
		{728CE128-079E-466B-8B21-69B894CEBFE6}.Release|Any CPU.ActiveCfg = Release|Any CPU
		{728CE128-079E-466B-8B21-69B894CEBFE6}.Release|Any CPU.Build.0 = Release|Any CPU
		{4E70B266-CDBE-4570-9D67-C1C4951C5CD3}.Debug|Any CPU.ActiveCfg = Debug|Any CPU
		{4E70B266-CDBE-4570-9D67-C1C4951C5CD3}.Debug|Any CPU.Build.0 = Debug|Any CPU
		{4E70B266-CDBE-4570-9D67-C1C4951C5CD3}.Release|Any CPU.ActiveCfg = Release|Any CPU
		{4E70B266-CDBE-4570-9D67-C1C4951C5CD3}.Release|Any CPU.Build.0 = Release|Any CPU
		{ACC87A09-6EEC-4784-BE71-AE8A0366CF3D}.Debug|Any CPU.ActiveCfg = Debug|Any CPU
		{ACC87A09-6EEC-4784-BE71-AE8A0366CF3D}.Debug|Any CPU.Build.0 = Debug|Any CPU
		{ACC87A09-6EEC-4784-BE71-AE8A0366CF3D}.Release|Any CPU.ActiveCfg = Release|Any CPU
		{ACC87A09-6EEC-4784-BE71-AE8A0366CF3D}.Release|Any CPU.Build.0 = Release|Any CPU
		{A4E2D976-1FCC-455F-965F-7666F1ECCA81}.Debug|Any CPU.ActiveCfg = Debug|Any CPU
		{A4E2D976-1FCC-455F-965F-7666F1ECCA81}.Debug|Any CPU.Build.0 = Debug|Any CPU
		{A4E2D976-1FCC-455F-965F-7666F1ECCA81}.Release|Any CPU.ActiveCfg = Release|Any CPU
		{A4E2D976-1FCC-455F-965F-7666F1ECCA81}.Release|Any CPU.Build.0 = Release|Any CPU
		{2CE9F85B-D855-4F28-BA24-ADA4444B4384}.Debug|Any CPU.ActiveCfg = Debug|Any CPU
		{2CE9F85B-D855-4F28-BA24-ADA4444B4384}.Debug|Any CPU.Build.0 = Debug|Any CPU
		{2CE9F85B-D855-4F28-BA24-ADA4444B4384}.Release|Any CPU.ActiveCfg = Release|Any CPU
		{2CE9F85B-D855-4F28-BA24-ADA4444B4384}.Release|Any CPU.Build.0 = Release|Any CPU
		{697EEFFD-4CD4-4808-8610-61ABB8ECC96C}.Debug|Any CPU.ActiveCfg = Debug|Any CPU
		{697EEFFD-4CD4-4808-8610-61ABB8ECC96C}.Debug|Any CPU.Build.0 = Debug|Any CPU
		{697EEFFD-4CD4-4808-8610-61ABB8ECC96C}.Release|Any CPU.ActiveCfg = Release|Any CPU
		{697EEFFD-4CD4-4808-8610-61ABB8ECC96C}.Release|Any CPU.Build.0 = Release|Any CPU
		{503BF083-0B67-4125-831E-71A4ADA3D6AB}.Debug|Any CPU.ActiveCfg = Debug|Any CPU
		{503BF083-0B67-4125-831E-71A4ADA3D6AB}.Debug|Any CPU.Build.0 = Debug|Any CPU
		{503BF083-0B67-4125-831E-71A4ADA3D6AB}.Release|Any CPU.ActiveCfg = Release|Any CPU
		{503BF083-0B67-4125-831E-71A4ADA3D6AB}.Release|Any CPU.Build.0 = Release|Any CPU
		{162ED6BC-1D8F-43C4-8F71-41DCBFD85EFF}.Debug|Any CPU.ActiveCfg = Debug|Any CPU
		{162ED6BC-1D8F-43C4-8F71-41DCBFD85EFF}.Debug|Any CPU.Build.0 = Debug|Any CPU
		{162ED6BC-1D8F-43C4-8F71-41DCBFD85EFF}.Release|Any CPU.ActiveCfg = Release|Any CPU
		{162ED6BC-1D8F-43C4-8F71-41DCBFD85EFF}.Release|Any CPU.Build.0 = Release|Any CPU
		{0A82D4CB-8129-49F5-BA86-F9271ED05881}.Debug|Any CPU.ActiveCfg = Debug|Any CPU
		{0A82D4CB-8129-49F5-BA86-F9271ED05881}.Debug|Any CPU.Build.0 = Debug|Any CPU
		{0A82D4CB-8129-49F5-BA86-F9271ED05881}.Release|Any CPU.ActiveCfg = Release|Any CPU
		{0A82D4CB-8129-49F5-BA86-F9271ED05881}.Release|Any CPU.Build.0 = Release|Any CPU
		{AB72E9E6-53CD-4B29-97EC-69F8B4A7539C}.Debug|Any CPU.ActiveCfg = Debug|Any CPU
		{AB72E9E6-53CD-4B29-97EC-69F8B4A7539C}.Debug|Any CPU.Build.0 = Debug|Any CPU
		{AB72E9E6-53CD-4B29-97EC-69F8B4A7539C}.Release|Any CPU.ActiveCfg = Release|Any CPU
		{AB72E9E6-53CD-4B29-97EC-69F8B4A7539C}.Release|Any CPU.Build.0 = Release|Any CPU
	EndGlobalSection
	GlobalSection(SolutionProperties) = preSolution
		HideSolutionNode = FALSE
	EndGlobalSection
	GlobalSection(NestedProjects) = preSolution
		{D7F8DF2B-8BCA-499D-B406-81456C743C62} = {56274E31-152A-4185-9351-0ED9C8CCABBE}
		{364DB733-B031-4C50-9E82-01D08A17CFF0} = {159C27A3-A43D-4FEB-B65F-38F61BE2A366}
		{DD979B63-637D-4705-8EBC-5F95E042799F} = {D768DEAA-8F00-48DE-AD3A-6FB27E72E266}
		{250019C6-6AB7-4757-BECE-695758D3EE27} = {D768DEAA-8F00-48DE-AD3A-6FB27E72E266}
		{DFF6893F-9CFA-4D1F-B84E-DB3E60EEA6A6} = {56274E31-152A-4185-9351-0ED9C8CCABBE}
		{5F91A5DD-59A8-489D-8036-D09C0945C20D} = {D768DEAA-8F00-48DE-AD3A-6FB27E72E266}
		{BA34FCED-2135-4251-A6ED-1EDFC6034AEE} = {159C27A3-A43D-4FEB-B65F-38F61BE2A366}
		{21599DF4-90C6-406F-853B-66D1C9A37696} = {56274E31-152A-4185-9351-0ED9C8CCABBE}
		{728CE128-079E-466B-8B21-69B894CEBFE6} = {159C27A3-A43D-4FEB-B65F-38F61BE2A366}
		{ACC87A09-6EEC-4784-BE71-AE8A0366CF3D} = {159C27A3-A43D-4FEB-B65F-38F61BE2A366}
		{A4E2D976-1FCC-455F-965F-7666F1ECCA81} = {56274E31-152A-4185-9351-0ED9C8CCABBE}
		{697EEFFD-4CD4-4808-8610-61ABB8ECC96C} = {D768DEAA-8F00-48DE-AD3A-6FB27E72E266}
		{503BF083-0B67-4125-831E-71A4ADA3D6AB} = {D768DEAA-8F00-48DE-AD3A-6FB27E72E266}
		{162ED6BC-1D8F-43C4-8F71-41DCBFD85EFF} = {D768DEAA-8F00-48DE-AD3A-6FB27E72E266}
		{0A82D4CB-8129-49F5-BA86-F9271ED05881} = {D768DEAA-8F00-48DE-AD3A-6FB27E72E266}
		{AB72E9E6-53CD-4B29-97EC-69F8B4A7539C} = {1F486BB8-DEBA-4C24-94BD-E05AD33AD734}
	EndGlobalSection
	GlobalSection(ExtensibilityGlobals) = postSolution
		SolutionGuid = {26D0D339-012A-4715-99BF-BAFA7B5E72AE}
	EndGlobalSection
EndGlobal
